
Microsoft Visual Studio Solution File, Format Version 12.00
# Visual Studio Version 16
VisualStudioVersion = 16.0.31321.278
MinimumVisualStudioVersion = 10.0.40219.1
Project("{FAE04EC0-301F-11D3-BF4B-00C04F79EFBC}") = "TH_LTWebLab02_03", "TH_LTWebLab02_03.csproj", "{3F3328E7-432A-45AB-BD86-92F7510F0023}"
EndProject
Global
	GlobalSection(SolutionConfigurationPlatforms) = preSolution
		Debug|Any CPU = Debug|Any CPU
		Release|Any CPU = Release|Any CPU
	EndGlobalSection
	GlobalSection(ProjectConfigurationPlatforms) = postSolution
		{3F3328E7-432A-45AB-BD86-92F7510F0023}.Debug|Any CPU.ActiveCfg = Debug|Any CPU
		{3F3328E7-432A-45AB-BD86-92F7510F0023}.Debug|Any CPU.Build.0 = Debug|Any CPU
		{3F3328E7-432A-45AB-BD86-92F7510F0023}.Release|Any CPU.ActiveCfg = Release|Any CPU
		{3F3328E7-432A-45AB-BD86-92F7510F0023}.Release|Any CPU.Build.0 = Release|Any CPU
	EndGlobalSection
	GlobalSection(SolutionProperties) = preSolution
		HideSolutionNode = FALSE
	EndGlobalSection
	GlobalSection(ExtensibilityGlobals) = postSolution
		SolutionGuid = {DB0B26F4-2F1C-4A3F-A8E8-01B3AC0F26AF}
	EndGlobalSection
EndGlobal
